// !$*UTF8*$!
{
	archiveVersion = 1;
	classes = {
	};
	objectVersion = 50;
	objects = {

/* Begin PBXBuildFile section */
		69D2D05A24545E56000B36C2 /* AppDelegate.swift in Sources */ = {isa = PBXBuildFile; fileRef = 69D2D05924545E56000B36C2 /* AppDelegate.swift */; };
		69D2D05C24545E56000B36C2 /* SceneDelegate.swift in Sources */ = {isa = PBXBuildFile; fileRef = 69D2D05B24545E56000B36C2 /* SceneDelegate.swift */; };
		69D2D05E24545E56000B36C2 /* ViewController.swift in Sources */ = {isa = PBXBuildFile; fileRef = 69D2D05D24545E56000B36C2 /* ViewController.swift */; };
		69D2D06124545E56000B36C2 /* Main.storyboard in Resources */ = {isa = PBXBuildFile; fileRef = 69D2D05F24545E56000B36C2 /* Main.storyboard */; };
		69D2D06324545E58000B36C2 /* Assets.xcassets in Resources */ = {isa = PBXBuildFile; fileRef = 69D2D06224545E58000B36C2 /* Assets.xcassets */; };
		69D2D06624545E58000B36C2 /* LaunchScreen.storyboard in Resources */ = {isa = PBXBuildFile; fileRef = 69D2D06424545E58000B36C2 /* LaunchScreen.storyboard */; };
/* End PBXBuildFile section */

/* Begin PBXFileReference section */
		69D2D05624545E56000B36C2 /* NRSlidingPlaceholderTextField.app */ = {isa = PBXFileReference; explicitFileType = wrapper.application; includeInIndex = 0; path = NRSlidingPlaceholderTextField.app; sourceTree = BUILT_PRODUCTS_DIR; };
		69D2D05924545E56000B36C2 /* AppDelegate.swift */ = {isa = PBXFileReference; lastKnownFileType = sourcecode.swift; path = AppDelegate.swift; sourceTree = "<group>"; };
		69D2D05B24545E56000B36C2 /* SceneDelegate.swift */ = {isa = PBXFileReference; lastKnownFileType = sourcecode.swift; path = SceneDelegate.swift; sourceTree = "<group>"; };
		69D2D05D24545E56000B36C2 /* ViewController.swift */ = {isa = PBXFileReference; lastKnownFileType = sourcecode.swift; path = ViewController.swift; sourceTree = "<group>"; };
		69D2D06024545E56000B36C2 /* Base */ = {isa = PBXFileReference; lastKnownFileType = file.storyboard; name = Base; path = Base.lproj/Main.storyboard; sourceTree = "<group>"; };
		69D2D06224545E58000B36C2 /* Assets.xcassets */ = {isa = PBXFileReference; lastKnownFileType = folder.assetcatalog; path = Assets.xcassets; sourceTree = "<group>"; };
		69D2D06524545E58000B36C2 /* Base */ = {isa = PBXFileReference; lastKnownFileType = file.storyboard; name = Base; path = Base.lproj/LaunchScreen.storyboard; sourceTree = "<group>"; };
		69D2D06724545E58000B36C2 /* Info.plist */ = {isa = PBXFileReference; lastKnownFileType = text.plist.xml; path = Info.plist; sourceTree = "<group>"; };
/* End PBXFileReference section */

/* Begin PBXFrameworksBuildPhase section */
		69D2D05324545E56000B36C2 /* Frameworks */ = {
			isa = PBXFrameworksBuildPhase;
			buildActionMask = 2147483647;
			files = (
			);
			runOnlyForDeploymentPostprocessing = 0;
		};
/* End PBXFrameworksBuildPhase section */

/* Begin PBXGroup section */
		69D2D04D24545E56000B36C2 = {
			isa = PBXGroup;
			children = (
				69D2D05824545E56000B36C2 /* NRSlidingPlaceholderTextField */,
				69D2D05724545E56000B36C2 /* Products */,
			);
			sourceTree = "<group>";
		};
		69D2D05724545E56000B36C2 /* Products */ = {
			isa = PBXGroup;
			children = (
				69D2D05624545E56000B36C2 /* NRSlidingPlaceholderTextField.app */,
			);
			name = Products;
			sourceTree = "<group>";
		};
		69D2D05824545E56000B36C2 /* NRSlidingPlaceholderTextField */ = {
			isa = PBXGroup;
			children = (
				69D2D05924545E56000B36C2 /* AppDelegate.swift */,
				69D2D05B24545E56000B36C2 /* SceneDelegate.swift */,
				69D2D05D24545E56000B36C2 /* ViewController.swift */,
				69D2D05F24545E56000B36C2 /* Main.storyboard */,
				69D2D06224545E58000B36C2 /* Assets.xcassets */,
				69D2D06424545E58000B36C2 /* LaunchScreen.storyboard */,
				69D2D06724545E58000B36C2 /* Info.plist */,
			);
			path = NRSlidingPlaceholderTextField;
			sourceTree = "<group>";
		};
/* End PBXGroup section */

/* Begin PBXNativeTarget section */
		69D2D05524545E56000B36C2 /* NRSlidingPlaceholderTextField */ = {
			isa = PBXNativeTarget;
			buildConfigurationList = 69D2D06A24545E58000B36C2 /* Build configuration list for PBXNativeTarget "NRSlidingPlaceholderTextField" */;
			buildPhases = (
				69D2D05224545E56000B36C2 /* Sources */,
				69D2D05324545E56000B36C2 /* Frameworks */,
				69D2D05424545E56000B36C2 /* Resources */,
			);
			buildRules = (
			);
			dependencies = (
			);
			name = NRSlidingPlaceholderTextField;
			productName = NRSlidingPlaceholderTextField;
			productReference = 69D2D05624545E56000B36C2 /* NRSlidingPlaceholderTextField.app */;
			productType = "com.apple.product-type.application";
		};
/* End PBXNativeTarget section */

/* Begin PBXProject section */
		69D2D04E24545E56000B36C2 /* Project object */ = {
			isa = PBXProject;
			attributes = {
				LastSwiftUpdateCheck = 1130;
				LastUpgradeCheck = 1130;
				ORGANIZATIONNAME = "Mian Najeeb";
				TargetAttributes = {
					69D2D05524545E56000B36C2 = {
						CreatedOnToolsVersion = 11.3.1;
					};
				};
			};
			buildConfigurationList = 69D2D05124545E56000B36C2 /* Build configuration list for PBXProject "NRSlidingPlaceholderTextField" */;
			compatibilityVersion = "Xcode 9.3";
			developmentRegion = en;
			hasScannedForEncodings = 0;
			knownRegions = (
				en,
				Base,
			);
			mainGroup = 69D2D04D24545E56000B36C2;
			productRefGroup = 69D2D05724545E56000B36C2 /* Products */;
			projectDirPath = "";
			projectRoot = "";
			targets = (
				69D2D05524545E56000B36C2 /* NRSlidingPlaceholderTextField */,
			);
		};
/* End PBXProject section */

/* Begin PBXResourcesBuildPhase section */
		69D2D05424545E56000B36C2 /* Resources */ = {
			isa = PBXResourcesBuildPhase;
			buildActionMask = 2147483647;
			files = (
				69D2D06624545E58000B36C2 /* LaunchScreen.storyboard in Resources */,
				69D2D06324545E58000B36C2 /* Assets.xcassets in Resources */,
				69D2D06124545E56000B36C2 /* Main.storyboard in Resources */,
			);
			runOnlyForDeploymentPostprocessing = 0;
		};
/* End PBXResourcesBuildPhase section */

/* Begin PBXSourcesBuildPhase section */
		69D2D05224545E56000B36C2 /* Sources */ = {
			isa = PBXSourcesBuildPhase;
			buildActionMask = 2147483647;
			files = (
				69D2D05E24545E56000B36C2 /* ViewController.swift in Sources */,
				69D2D05A24545E56000B36C2 /* AppDelegate.swift in Sources */,
				69D2D05C24545E56000B36C2 /* SceneDelegate.swift in Sources */,
			);
			runOnlyForDeploymentPostprocessing = 0;
		};
/* End PBXSourcesBuildPhase section */

/* Begin PBXVariantGroup section */
		69D2D05F24545E56000B36C2 /* Main.storyboard */ = {
			isa = PBXVariantGroup;
			children = (
				69D2D06024545E56000B36C2 /* Base */,
			);
			name = Main.storyboard;
			sourceTree = "<group>";
		};
		69D2D06424545E58000B36C2 /* LaunchScreen.storyboard */ = {
			isa = PBXVariantGroup;
			children = (
				69D2D06524545E58000B36C2 /* Base */,
			);
			name = LaunchScreen.storyboard;
			sourceTree = "<group>";
		};
/* End PBXVariantGroup section */

/* Begin XCBuildConfiguration section */
		69D2D06824545E58000B36C2 /* Debug */ = {
			isa = XCBuildConfiguration;
			buildSettings = {
				ALWAYS_SEARCH_USER_PATHS = NO;
				CLANG_ANALYZER_NONNULL = YES;
				CLANG_ANALYZER_NUMBER_OBJECT_CONVERSION = YES_AGGRESSIVE;
				CLANG_CXX_LANGUAGE_STANDARD = "gnu++14";
				CLANG_CXX_LIBRARY = "libc++";
				CLANG_ENABLE_MODULES = YES;
				CLANG_ENABLE_OBJC_ARC = YES;
				CLANG_ENABLE_OBJC_WEAK = YES;
				CLANG_WARN_BLOCK_CAPTURE_AUTORELEASING = YES;
				CLANG_WARN_BOOL_CONVERSION = YES;
				CLANG_WARN_COMMA = YES;
				CLANG_WARN_CONSTANT_CONVERSION = YES;
				CLANG_WARN_DEPRECATED_OBJC_IMPLEMENTATIONS = YES;
				CLANG_WARN_DIRECT_OBJC_ISA_USAGE = YES_ERROR;
				CLANG_WARN_DOCUMENTATION_COMMENTS = YES;
				CLANG_WARN_EMPTY_BODY = YES;
				CLANG_WARN_ENUM_CONVERSION = YES;
				CLANG_WARN_INFINITE_RECURSION = YES;
				CLANG_WARN_INT_CONVERSION = YES;
				CLANG_WARN_NON_LITERAL_NULL_CONVERSION = YES;
				CLANG_WARN_OBJC_IMPLICIT_RETAIN_SELF = YES;
				CLANG_WARN_OBJC_LITERAL_CONVERSION = YES;
				CLANG_WARN_OBJC_ROOT_CLASS = YES_ERROR;
				CLANG_WARN_RANGE_LOOP_ANALYSIS = YES;
				CLANG_WARN_STRICT_PROTOTYPES = YES;
				CLANG_WARN_SUSPICIOUS_MOVE = YES;
				CLANG_WARN_UNGUARDED_AVAILABILITY = YES_AGGRESSIVE;
				CLANG_WARN_UNREACHABLE_CODE = YES;
				CLANG_WARN__DUPLICATE_METHOD_MATCH = YES;
				COPY_PHASE_STRIP = NO;
				DEBUG_INFORMATION_FORMAT = dwarf;
				ENABLE_STRICT_OBJC_MSGSEND = YES;
				ENABLE_TESTABILITY = YES;
				GCC_C_LANGUAGE_STANDARD = gnu11;
				GCC_DYNAMIC_NO_PIC = NO;
				GCC_NO_COMMON_BLOCKS = YES;
				GCC_OPTIMIZATION_LEVEL = 0;
				GCC_PREPROCESSOR_DEFINITIONS = (
					"DEBUG=1",
					"$(inherited)",
				);
				GCC_WARN_64_TO_32_BIT_CONVERSION = YES;
				GCC_WARN_ABOUT_RETURN_TYPE = YES_ERROR;
				GCC_WARN_UNDECLARED_SELECTOR = YES;
				GCC_WARN_UNINITIALIZED_AUTOS = YES_AGGRESSIVE;
				GCC_WARN_UNUSED_FUNCTION = YES;
				GCC_WARN_UNUSED_VARIABLE = YES;
				IPHONEOS_DEPLOYMENT_TARGET = 13.2;
				MTL_ENABLE_DEBUG_INFO = INCLUDE_SOURCE;
				MTL_FAST_MATH = YES;
				ONLY_ACTIVE_ARCH = YES;
				SDKROOT = iphoneos;
				SWIFT_ACTIVE_COMPILATION_CONDITIONS = DEBUG;
				SWIFT_OPTIMIZATION_LEVEL = "-Onone";
			};
			name = Debug;
		};
		69D2D06924545E58000B36C2 /* Release */ = {
			isa = XCBuildConfiguration;
			buildSettings = {
				ALWAYS_SEARCH_USER_PATHS = NO;
				CLANG_ANALYZER_NONNULL = YES;
				CLANG_ANALYZER_NUMBER_OBJECT_CONVERSION = YES_AGGRESSIVE;
				CLANG_CXX_LANGUAGE_STANDARD = "gnu++14";
				CLANG_CXX_LIBRARY = "libc++";
				CLANG_ENABLE_MODULES = YES;
				CLANG_ENABLE_OBJC_ARC = YES;
				CLANG_ENABLE_OBJC_WEAK = YES;
				CLANG_WARN_BLOCK_CAPTURE_AUTORELEASING = YES;
				CLANG_WARN_BOOL_CONVERSION = YES;
				CLANG_WARN_COMMA = YES;
				CLANG_WARN_CONSTANT_CONVERSION = YES;
				CLANG_WARN_DEPRECATED_OBJC_IMPLEMENTATIONS = YES;
				CLANG_WARN_DIRECT_OBJC_ISA_USAGE = YES_ERROR;
				CLANG_WARN_DOCUMENTATION_COMMENTS = YES;
				CLANG_WARN_EMPTY_BODY = YES;
				CLANG_WARN_ENUM_CONVERSION = YES;
				CLANG_WARN_INFINITE_RECURSION = YES;
				CLANG_WARN_INT_CONVERSION = YES;
				CLANG_WARN_NON_LITERAL_NULL_CONVERSION = YES;
				CLANG_WARN_OBJC_IMPLICIT_RETAIN_SELF = YES;
				CLANG_WARN_OBJC_LITERAL_CONVERSION = YES;
				CLANG_WARN_OBJC_ROOT_CLASS = YES_ERROR;
				CLANG_WARN_RANGE_LOOP_ANALYSIS = YES;
				CLANG_WARN_STRICT_PROTOTYPES = YES;
				CLANG_WARN_SUSPICIOUS_MOVE = YES;
				CLANG_WARN_UNGUARDED_AVAILABILITY = YES_AGGRESSIVE;
				CLANG_WARN_UNREACHABLE_CODE = YES;
				CLANG_WARN__DUPLICATE_METHOD_MATCH = YES;
				COPY_PHASE_STRIP = NO;
				DEBUG_INFORMATION_FORMAT = "dwarf-with-dsym";
				ENABLE_NS_ASSERTIONS = NO;
				ENABLE_STRICT_OBJC_MSGSEND = YES;
				GCC_C_LANGUAGE_STANDARD = gnu11;
				GCC_NO_COMMON_BLOCKS = YES;
				GCC_WARN_64_TO_32_BIT_CONVERSION = YES;
				GCC_WARN_ABOUT_RETURN_TYPE = YES_ERROR;
				GCC_WARN_UNDECLARED_SELECTOR = YES;
				GCC_WARN_UNINITIALIZED_AUTOS = YES_AGGRESSIVE;
				GCC_WARN_UNUSED_FUNCTION = YES;
				GCC_WARN_UNUSED_VARIABLE = YES;
				IPHONEOS_DEPLOYMENT_TARGET = 13.2;
				MTL_ENABLE_DEBUG_INFO = NO;
				MTL_FAST_MATH = YES;
				SDKROOT = iphoneos;
				SWIFT_COMPILATION_MODE = wholemodule;
				SWIFT_OPTIMIZATION_LEVEL = "-O";
				VALIDATE_PRODUCT = YES;
			};
			name = Release;
		};
		69D2D06B24545E58000B36C2 /* Debug */ = {
			isa = XCBuildConfiguration;
			buildSettings = {
				ASSETCATALOG_COMPILER_APPICON_NAME = AppIcon;
				CODE_SIGN_STYLE = Automatic;
				DEVELOPMENT_TEAM = 2F63778893;
				INFOPLIST_FILE = NRSlidingPlaceholderTextField/Info.plist;
				LD_RUNPATH_SEARCH_PATHS = (
					"$(inherited)",
					"@executable_path/Frameworks",
				);
				PRODUCT_BUNDLE_IDENTIFIER = "mian-najeeb.NRSlidingPlaceholderTextField";
				PRODUCT_NAME = "$(TARGET_NAME)";
				SWIFT_VERSION = 5.0;
				TARGETED_DEVICE_FAMILY = "1,2";
			};
			name = Debug;
		};
		69D2D06C24545E58000B36C2 /* Release */ = {
			isa = XCBuildConfiguration;
			buildSettings = {
				ASSETCATALOG_COMPILER_APPICON_NAME = AppIcon;
				CODE_SIGN_STYLE = Automatic;
				DEVELOPMENT_TEAM = 2F63778893;
				INFOPLIST_FILE = NRSlidingPlaceholderTextField/Info.plist;
				LD_RUNPATH_SEARCH_PATHS = (
					"$(inherited)",
					"@executable_path/Frameworks",
				);
				PRODUCT_BUNDLE_IDENTIFIER = "mian-najeeb.NRSlidingPlaceholderTextField";
				PRODUCT_NAME = "$(TARGET_NAME)";
				SWIFT_VERSION = 5.0;
				TARGETED_DEVICE_FAMILY = "1,2";
			};
			name = Release;
		};
/* End XCBuildConfiguration section */

/* Begin XCConfigurationList section */
		69D2D05124545E56000B36C2 /* Build configuration list for PBXProject "NRSlidingPlaceholderTextField" */ = {
			isa = XCConfigurationList;
			buildConfigurations = (
				69D2D06824545E58000B36C2 /* Debug */,
				69D2D06924545E58000B36C2 /* Release */,
			);
			defaultConfigurationIsVisible = 0;
			defaultConfigurationName = Release;
		};
		69D2D06A24545E58000B36C2 /* Build configuration list for PBXNativeTarget "NRSlidingPlaceholderTextField" */ = {
			isa = XCConfigurationList;
			buildConfigurations = (
				69D2D06B24545E58000B36C2 /* Debug */,
				69D2D06C24545E58000B36C2 /* Release */,
			);
			defaultConfigurationIsVisible = 0;
			defaultConfigurationName = Release;
		};
/* End XCConfigurationList section */
	};
	rootObject = 69D2D04E24545E56000B36C2 /* Project object */;
}
